
Microsoft Visual Studio Solution File, Format Version 12.00
# Visual Studio 2013
VisualStudioVersion = 12.0.21005.1
MinimumVisualStudioVersion = 10.0.40219.1
Project("{2150E333-8FDC-42A3-9474-1A3956D46DE8}") = "DBAccessLayer", "DBAccessLayer", "{3FCC5FB6-E022-433A-B8C4-C44ED49EF539}"
EndProject
Project("{2150E333-8FDC-42A3-9474-1A3956D46DE8}") = "EF", "EF", "{1CA98046-B2DA-4C13-BB86-248AA7057881}"
EndProject
Project("{FAE04EC0-301F-11D3-BF4B-00C04F79EFBC}") = "Help.DBAccessLayer.Model", "Help.DBAccessLayer.Model\Help.DBAccessLayer.Model.csproj", "{739A4717-4144-49D6-AEBE-CF7E428E548B}"
EndProject
Project("{FAE04EC0-301F-11D3-BF4B-00C04F79EFBC}") = "Help.DBAccessLayer.IDAL", "Help.DBAccessLayer.IDAL\Help.DBAccessLayer.IDAL.csproj", "{4833D0E7-5516-4793-BEDC-836F2CCE6589}"
EndProject
Project("{FAE04EC0-301F-11D3-BF4B-00C04F79EFBC}") = "Help.DBAccessLayer.MySQLDAL", "Help.DBAccessLayer.MySQLDAL\Help.DBAccessLayer.MySQLDAL.csproj", "{D8C6A94A-2854-49A4-8CE7-61876B967ED2}"
EndProject
Project("{FAE04EC0-301F-11D3-BF4B-00C04F79EFBC}") = "Help.DBAccessLayer.Factory", "Help.DBAccessLayer.Factory\Help.DBAccessLayer.Factory.csproj", "{56070205-2B64-40BA-8BAC-06147C6B8D7C}"
EndProject
Project("{FAE04EC0-301F-11D3-BF4B-00C04F79EFBC}") = "Help.DBAccessLayer.DB2DAL", "Help.DBAccessLayer.DB2DAL\Help.DBAccessLayer.DB2DAL.csproj", "{7B7E2B82-EA9D-4F4F-A979-D2881CD55175}"
EndProject
Project("{FAE04EC0-301F-11D3-BF4B-00C04F79EFBC}") = "Help.DBAccessLayer.Business", "Help.DBAccessLayer.Business\Help.DBAccessLayer.Business.csproj", "{251D9501-872B-428D-B815-DA756A43A087}"
EndProject
Project("{FAE04EC0-301F-11D3-BF4B-00C04F79EFBC}") = "Help.EF.UsermanageDB", "Help.EF.UsermanageDB\Help.EF.UsermanageDB.csproj", "{E5E23139-6BE4-482D-806A-8BAD89801693}"
EndProject
Project("{FAE04EC0-301F-11D3-BF4B-00C04F79EFBC}") = "MainTest", "MainTest\MainTest.csproj", "{46E3BD6F-348B-4615-915A-6F6C843FD856}"
EndProject
Project("{FAE04EC0-301F-11D3-BF4B-00C04F79EFBC}") = "Help.DBAccessLayer.OleDbDAL", "Help.DBAccessLayer.OleDbDAL\Help.DBAccessLayer.OleDbDAL.csproj", "{887C5A51-BA04-4336-8DC0-2C7B74E9DC60}"
EndProject
Project("{FAE04EC0-301F-11D3-BF4B-00C04F79EFBC}") = "Help.DBAccessLayer.SQLServer", "Help.DBAccessLayer.SQLServer\Help.DBAccessLayer.SQLServer.csproj", "{4F9FA5D8-B240-4919-BC40-200934F64EF5}"
EndProject
Global
	GlobalSection(SolutionConfigurationPlatforms) = preSolution
		Debug|Any CPU = Debug|Any CPU
		Release|Any CPU = Release|Any CPU
	EndGlobalSection
	GlobalSection(ProjectConfigurationPlatforms) = postSolution
		{739A4717-4144-49D6-AEBE-CF7E428E548B}.Debug|Any CPU.ActiveCfg = Debug|Any CPU
		{739A4717-4144-49D6-AEBE-CF7E428E548B}.Debug|Any CPU.Build.0 = Debug|Any CPU
		{739A4717-4144-49D6-AEBE-CF7E428E548B}.Release|Any CPU.ActiveCfg = Release|Any CPU
		{739A4717-4144-49D6-AEBE-CF7E428E548B}.Release|Any CPU.Build.0 = Release|Any CPU
		{4833D0E7-5516-4793-BEDC-836F2CCE6589}.Debug|Any CPU.ActiveCfg = Debug|Any CPU
		{4833D0E7-5516-4793-BEDC-836F2CCE6589}.Debug|Any CPU.Build.0 = Debug|Any CPU
		{4833D0E7-5516-4793-BEDC-836F2CCE6589}.Release|Any CPU.ActiveCfg = Release|Any CPU
		{4833D0E7-5516-4793-BEDC-836F2CCE6589}.Release|Any CPU.Build.0 = Release|Any CPU
		{D8C6A94A-2854-49A4-8CE7-61876B967ED2}.Debug|Any CPU.ActiveCfg = Debug|Any CPU
		{D8C6A94A-2854-49A4-8CE7-61876B967ED2}.Debug|Any CPU.Build.0 = Debug|Any CPU
		{D8C6A94A-2854-49A4-8CE7-61876B967ED2}.Release|Any CPU.ActiveCfg = Release|Any CPU
		{D8C6A94A-2854-49A4-8CE7-61876B967ED2}.Release|Any CPU.Build.0 = Release|Any CPU
		{56070205-2B64-40BA-8BAC-06147C6B8D7C}.Debug|Any CPU.ActiveCfg = Debug|Any CPU
		{56070205-2B64-40BA-8BAC-06147C6B8D7C}.Debug|Any CPU.Build.0 = Debug|Any CPU
		{56070205-2B64-40BA-8BAC-06147C6B8D7C}.Release|Any CPU.ActiveCfg = Release|Any CPU
		{56070205-2B64-40BA-8BAC-06147C6B8D7C}.Release|Any CPU.Build.0 = Release|Any CPU
		{7B7E2B82-EA9D-4F4F-A979-D2881CD55175}.Debug|Any CPU.ActiveCfg = Debug|Any CPU
		{7B7E2B82-EA9D-4F4F-A979-D2881CD55175}.Debug|Any CPU.Build.0 = Debug|Any CPU
		{7B7E2B82-EA9D-4F4F-A979-D2881CD55175}.Release|Any CPU.ActiveCfg = Release|Any CPU
		{7B7E2B82-EA9D-4F4F-A979-D2881CD55175}.Release|Any CPU.Build.0 = Release|Any CPU
		{251D9501-872B-428D-B815-DA756A43A087}.Debug|Any CPU.ActiveCfg = Debug|Any CPU
		{251D9501-872B-428D-B815-DA756A43A087}.Debug|Any CPU.Build.0 = Debug|Any CPU
		{251D9501-872B-428D-B815-DA756A43A087}.Release|Any CPU.ActiveCfg = Release|Any CPU
		{251D9501-872B-428D-B815-DA756A43A087}.Release|Any CPU.Build.0 = Release|Any CPU
		{E5E23139-6BE4-482D-806A-8BAD89801693}.Debug|Any CPU.ActiveCfg = Debug|Any CPU
		{E5E23139-6BE4-482D-806A-8BAD89801693}.Debug|Any CPU.Build.0 = Debug|Any CPU
		{E5E23139-6BE4-482D-806A-8BAD89801693}.Release|Any CPU.ActiveCfg = Release|Any CPU
		{E5E23139-6BE4-482D-806A-8BAD89801693}.Release|Any CPU.Build.0 = Release|Any CPU
		{46E3BD6F-348B-4615-915A-6F6C843FD856}.Debug|Any CPU.ActiveCfg = Debug|Any CPU
		{46E3BD6F-348B-4615-915A-6F6C843FD856}.Debug|Any CPU.Build.0 = Debug|Any CPU
		{46E3BD6F-348B-4615-915A-6F6C843FD856}.Release|Any CPU.ActiveCfg = Release|Any CPU
		{46E3BD6F-348B-4615-915A-6F6C843FD856}.Release|Any CPU.Build.0 = Release|Any CPU
		{887C5A51-BA04-4336-8DC0-2C7B74E9DC60}.Debug|Any CPU.ActiveCfg = Debug|Any CPU
		{887C5A51-BA04-4336-8DC0-2C7B74E9DC60}.Debug|Any CPU.Build.0 = Debug|Any CPU
		{887C5A51-BA04-4336-8DC0-2C7B74E9DC60}.Release|Any CPU.ActiveCfg = Release|Any CPU
		{887C5A51-BA04-4336-8DC0-2C7B74E9DC60}.Release|Any CPU.Build.0 = Release|Any CPU
		{4F9FA5D8-B240-4919-BC40-200934F64EF5}.Debug|Any CPU.ActiveCfg = Debug|Any CPU
		{4F9FA5D8-B240-4919-BC40-200934F64EF5}.Debug|Any CPU.Build.0 = Debug|Any CPU
		{4F9FA5D8-B240-4919-BC40-200934F64EF5}.Release|Any CPU.ActiveCfg = Release|Any CPU
		{4F9FA5D8-B240-4919-BC40-200934F64EF5}.Release|Any CPU.Build.0 = Release|Any CPU
	EndGlobalSection
	GlobalSection(SolutionProperties) = preSolution
		HideSolutionNode = FALSE
	EndGlobalSection
	GlobalSection(NestedProjects) = preSolution
		{739A4717-4144-49D6-AEBE-CF7E428E548B} = {3FCC5FB6-E022-433A-B8C4-C44ED49EF539}
		{4833D0E7-5516-4793-BEDC-836F2CCE6589} = {3FCC5FB6-E022-433A-B8C4-C44ED49EF539}
		{D8C6A94A-2854-49A4-8CE7-61876B967ED2} = {3FCC5FB6-E022-433A-B8C4-C44ED49EF539}
		{56070205-2B64-40BA-8BAC-06147C6B8D7C} = {3FCC5FB6-E022-433A-B8C4-C44ED49EF539}
		{7B7E2B82-EA9D-4F4F-A979-D2881CD55175} = {3FCC5FB6-E022-433A-B8C4-C44ED49EF539}
		{251D9501-872B-428D-B815-DA756A43A087} = {3FCC5FB6-E022-433A-B8C4-C44ED49EF539}
		{887C5A51-BA04-4336-8DC0-2C7B74E9DC60} = {3FCC5FB6-E022-433A-B8C4-C44ED49EF539}
		{4F9FA5D8-B240-4919-BC40-200934F64EF5} = {3FCC5FB6-E022-433A-B8C4-C44ED49EF539}
		{E5E23139-6BE4-482D-806A-8BAD89801693} = {1CA98046-B2DA-4C13-BB86-248AA7057881}
	EndGlobalSection
EndGlobal
